
Microsoft Visual Studio Solution File, Format Version 12.00
# Visual Studio Version 17
VisualStudioVersion = 17.13.35919.96
MinimumVisualStudioVersion = 10.0.40219.1
Project("{FAE04EC0-301F-11D3-BF4B-00C04F79EFBC}") = "RoomAsync.Test", "RoomAsync.Test\RoomAsync.Test.csproj", "{B86FD046-8A81-4B54-B100-5FBEF7B62D60}"
EndProject
Project("{FAE04EC0-301F-11D3-BF4B-00C04F79EFBC}") = "Domain", "Domain\Domain.csproj", "{8D7DF495-481F-4DAE-AAC1-AC3DF3B1C593}"
EndProject
Project("{FAE04EC0-301F-11D3-BF4B-00C04F79EFBC}") = "Domain.Infrastructure", "Domain.Infrastructure\Domain.Infrastructure.csproj", "{FFC833FD-64A2-4475-A9BE-7CE8665193E9}"
EndProject
Project("{FAE04EC0-301F-11D3-BF4B-00C04F79EFBC}") = "RoomAsync.Web.AppHost", "RoomAsync.Web\RoomAsync.Web.AppHost\RoomAsync.Web.AppHost.csproj", "{65CC7B7D-4A18-4414-8FAE-2085EF895BD4}"
EndProject
Project("{FAE04EC0-301F-11D3-BF4B-00C04F79EFBC}") = "RoomAsync.Web.ServiceDefaults", "RoomAsync.Web\RoomAsync.Web.ServiceDefaults\RoomAsync.Web.ServiceDefaults.csproj", "{DB29CBEA-73C1-95F0-B4B7-C5F087212FCF}"
EndProject
Project("{FAE04EC0-301F-11D3-BF4B-00C04F79EFBC}") = "RoomAsync.Web.ApiService", "RoomAsync.Web\RoomAsync.Web.ApiService\RoomAsync.Web.ApiService.csproj", "{9A04BBDF-8ADD-F32E-5412-A0BCA77B12F7}"
EndProject
Project("{FAE04EC0-301F-11D3-BF4B-00C04F79EFBC}") = "RoomAsync.Web.Web", "RoomAsync.Web\RoomAsync.Web.Web\RoomAsync.Web.Web.csproj", "{D7353F18-A06C-008C-9721-1CF36C4FCCE3}"
EndProject
Project("{FAE04EC0-301F-11D3-BF4B-00C04F79EFBC}") = "RoomAsync.Web.Tests", "RoomAsync.Web\RoomAsync.Web.Tests\RoomAsync.Web.Tests.csproj", "{537B3ACD-27A5-EA54-4FA0-3945074FD571}"
EndProject
Project("{2150E333-8FDC-42A3-9474-1A3956D46DE8}") = "Web", "Web", "{02EA681E-C7D8-13C7-8484-4AC65E1B71E8}"
EndProject
Project("{2150E333-8FDC-42A3-9474-1A3956D46DE8}") = "Test", "Test", "{C5E67C74-BDC7-412E-8D09-5EDF27810B40}"
EndProject
Project("{2150E333-8FDC-42A3-9474-1A3956D46DE8}") = "Business", "Business", "{9862D299-1655-4D84-86A4-9835E19AB5B0}"
EndProject
Project("{FAE04EC0-301F-11D3-BF4B-00C04F79EFBC}") = "Logging", "Logging\Logging.csproj", "{EE07D94E-3098-4525-A81A-DB331002DFE4}"
EndProject
Project("{2150E333-8FDC-42A3-9474-1A3956D46DE8}") = "Tools", "Tools", "{9383FA18-1F50-4E62-A0D4-A0DFBE935A4E}"
EndProject
Project("{FAE04EC0-301F-11D3-BF4B-00C04F79EFBC}") = "CompositionRoot", "CompositionRoot\CompositionRoot.csproj", "{11FAF655-DD06-4B21-861F-4B06CD6D0078}"
EndProject
Project("{2150E333-8FDC-42A3-9474-1A3956D46DE8}") = "Metric", "Metric", "{79CED786-FDA6-4DEA-A8F9-0F6F583BF862}"
EndProject
Project("{FAE04EC0-301F-11D3-BF4B-00C04F79EFBC}") = "Prometheus.Middleware", "Prometheus.Middleware\Prometheus.Middleware.csproj", "{5DE19AF5-D3CA-4043-9CC5-4043931AA327}"
EndProject
Project("{FAE04EC0-301F-11D3-BF4B-00C04F79EFBC}") = "KeyCloakOAuthAdapter", "OAuthAdapter\KeyCloakOAuthAdapter.csproj", "{6F5EC47D-E964-43ED-AC51-F9A3A1FE2F68}"
EndProject
Project("{FAE04EC0-301F-11D3-BF4B-00C04F79EFBC}") = "CorrelationIdMiddleware", "CorrelationIdMiddleware\CorrelationIdMiddleware.csproj", "{00017424-30D2-4745-84A2-F8FCA5DBCCB0}"
EndProject
Project("{FAE04EC0-301F-11D3-BF4B-00C04F79EFBC}") = "TwilioAdapter", "TwilioAdapter\TwilioAdapter.csproj", "{BAFCABA1-8317-491A-8D53-77AA09E4A8BA}"
EndProject
Project("{FAE04EC0-301F-11D3-BF4B-00C04F79EFBC}") = "MailKitAdapter", "MailKitAdapter\MailKitAdapter.csproj", "{9E707FD5-AABB-45CE-B44E-8400231CC914}"
EndProject
Global
	GlobalSection(SolutionConfigurationPlatforms) = preSolution
		Debug|Any CPU = Debug|Any CPU
		Release|Any CPU = Release|Any CPU
	EndGlobalSection
	GlobalSection(ProjectConfigurationPlatforms) = postSolution
		{B86FD046-8A81-4B54-B100-5FBEF7B62D60}.Debug|Any CPU.ActiveCfg = Debug|Any CPU
		{B86FD046-8A81-4B54-B100-5FBEF7B62D60}.Debug|Any CPU.Build.0 = Debug|Any CPU
		{B86FD046-8A81-4B54-B100-5FBEF7B62D60}.Release|Any CPU.ActiveCfg = Release|Any CPU
		{B86FD046-8A81-4B54-B100-5FBEF7B62D60}.Release|Any CPU.Build.0 = Release|Any CPU
		{8D7DF495-481F-4DAE-AAC1-AC3DF3B1C593}.Debug|Any CPU.ActiveCfg = Debug|Any CPU
		{8D7DF495-481F-4DAE-AAC1-AC3DF3B1C593}.Debug|Any CPU.Build.0 = Debug|Any CPU
		{8D7DF495-481F-4DAE-AAC1-AC3DF3B1C593}.Release|Any CPU.ActiveCfg = Release|Any CPU
		{8D7DF495-481F-4DAE-AAC1-AC3DF3B1C593}.Release|Any CPU.Build.0 = Release|Any CPU
		{FFC833FD-64A2-4475-A9BE-7CE8665193E9}.Debug|Any CPU.ActiveCfg = Debug|Any CPU
		{FFC833FD-64A2-4475-A9BE-7CE8665193E9}.Debug|Any CPU.Build.0 = Debug|Any CPU
		{FFC833FD-64A2-4475-A9BE-7CE8665193E9}.Release|Any CPU.ActiveCfg = Release|Any CPU
		{FFC833FD-64A2-4475-A9BE-7CE8665193E9}.Release|Any CPU.Build.0 = Release|Any CPU
		{65CC7B7D-4A18-4414-8FAE-2085EF895BD4}.Debug|Any CPU.ActiveCfg = Debug|Any CPU
		{65CC7B7D-4A18-4414-8FAE-2085EF895BD4}.Debug|Any CPU.Build.0 = Debug|Any CPU
		{65CC7B7D-4A18-4414-8FAE-2085EF895BD4}.Release|Any CPU.ActiveCfg = Release|Any CPU
		{65CC7B7D-4A18-4414-8FAE-2085EF895BD4}.Release|Any CPU.Build.0 = Release|Any CPU
		{DB29CBEA-73C1-95F0-B4B7-C5F087212FCF}.Debug|Any CPU.ActiveCfg = Debug|Any CPU
		{DB29CBEA-73C1-95F0-B4B7-C5F087212FCF}.Debug|Any CPU.Build.0 = Debug|Any CPU
		{DB29CBEA-73C1-95F0-B4B7-C5F087212FCF}.Release|Any CPU.ActiveCfg = Release|Any CPU
		{DB29CBEA-73C1-95F0-B4B7-C5F087212FCF}.Release|Any CPU.Build.0 = Release|Any CPU
		{9A04BBDF-8ADD-F32E-5412-A0BCA77B12F7}.Debug|Any CPU.ActiveCfg = Debug|Any CPU
		{9A04BBDF-8ADD-F32E-5412-A0BCA77B12F7}.Debug|Any CPU.Build.0 = Debug|Any CPU
		{9A04BBDF-8ADD-F32E-5412-A0BCA77B12F7}.Release|Any CPU.ActiveCfg = Release|Any CPU
		{9A04BBDF-8ADD-F32E-5412-A0BCA77B12F7}.Release|Any CPU.Build.0 = Release|Any CPU
		{D7353F18-A06C-008C-9721-1CF36C4FCCE3}.Debug|Any CPU.ActiveCfg = Debug|Any CPU
		{D7353F18-A06C-008C-9721-1CF36C4FCCE3}.Debug|Any CPU.Build.0 = Debug|Any CPU
		{D7353F18-A06C-008C-9721-1CF36C4FCCE3}.Release|Any CPU.ActiveCfg = Release|Any CPU
		{D7353F18-A06C-008C-9721-1CF36C4FCCE3}.Release|Any CPU.Build.0 = Release|Any CPU
		{537B3ACD-27A5-EA54-4FA0-3945074FD571}.Debug|Any CPU.ActiveCfg = Debug|Any CPU
		{537B3ACD-27A5-EA54-4FA0-3945074FD571}.Debug|Any CPU.Build.0 = Debug|Any CPU
		{537B3ACD-27A5-EA54-4FA0-3945074FD571}.Release|Any CPU.ActiveCfg = Release|Any CPU
		{537B3ACD-27A5-EA54-4FA0-3945074FD571}.Release|Any CPU.Build.0 = Release|Any CPU
		{EE07D94E-3098-4525-A81A-DB331002DFE4}.Debug|Any CPU.ActiveCfg = Debug|Any CPU
		{EE07D94E-3098-4525-A81A-DB331002DFE4}.Debug|Any CPU.Build.0 = Debug|Any CPU
		{EE07D94E-3098-4525-A81A-DB331002DFE4}.Release|Any CPU.ActiveCfg = Release|Any CPU
		{EE07D94E-3098-4525-A81A-DB331002DFE4}.Release|Any CPU.Build.0 = Release|Any CPU
		{11FAF655-DD06-4B21-861F-4B06CD6D0078}.Debug|Any CPU.ActiveCfg = Debug|Any CPU
		{11FAF655-DD06-4B21-861F-4B06CD6D0078}.Debug|Any CPU.Build.0 = Debug|Any CPU
		{11FAF655-DD06-4B21-861F-4B06CD6D0078}.Release|Any CPU.ActiveCfg = Release|Any CPU
		{11FAF655-DD06-4B21-861F-4B06CD6D0078}.Release|Any CPU.Build.0 = Release|Any CPU
		{5DE19AF5-D3CA-4043-9CC5-4043931AA327}.Debug|Any CPU.ActiveCfg = Debug|Any CPU
		{5DE19AF5-D3CA-4043-9CC5-4043931AA327}.Debug|Any CPU.Build.0 = Debug|Any CPU
		{5DE19AF5-D3CA-4043-9CC5-4043931AA327}.Release|Any CPU.ActiveCfg = Release|Any CPU
		{5DE19AF5-D3CA-4043-9CC5-4043931AA327}.Release|Any CPU.Build.0 = Release|Any CPU
		{6F5EC47D-E964-43ED-AC51-F9A3A1FE2F68}.Debug|Any CPU.ActiveCfg = Debug|Any CPU
		{6F5EC47D-E964-43ED-AC51-F9A3A1FE2F68}.Debug|Any CPU.Build.0 = Debug|Any CPU
		{6F5EC47D-E964-43ED-AC51-F9A3A1FE2F68}.Release|Any CPU.ActiveCfg = Release|Any CPU
		{6F5EC47D-E964-43ED-AC51-F9A3A1FE2F68}.Release|Any CPU.Build.0 = Release|Any CPU
		{00017424-30D2-4745-84A2-F8FCA5DBCCB0}.Debug|Any CPU.ActiveCfg = Debug|Any CPU
		{00017424-30D2-4745-84A2-F8FCA5DBCCB0}.Debug|Any CPU.Build.0 = Debug|Any CPU
		{00017424-30D2-4745-84A2-F8FCA5DBCCB0}.Release|Any CPU.ActiveCfg = Release|Any CPU
		{00017424-30D2-4745-84A2-F8FCA5DBCCB0}.Release|Any CPU.Build.0 = Release|Any CPU
		{BAFCABA1-8317-491A-8D53-77AA09E4A8BA}.Debug|Any CPU.ActiveCfg = Debug|Any CPU
		{BAFCABA1-8317-491A-8D53-77AA09E4A8BA}.Debug|Any CPU.Build.0 = Debug|Any CPU
		{BAFCABA1-8317-491A-8D53-77AA09E4A8BA}.Release|Any CPU.ActiveCfg = Release|Any CPU
		{BAFCABA1-8317-491A-8D53-77AA09E4A8BA}.Release|Any CPU.Build.0 = Release|Any CPU
		{9E707FD5-AABB-45CE-B44E-8400231CC914}.Debug|Any CPU.ActiveCfg = Debug|Any CPU
		{9E707FD5-AABB-45CE-B44E-8400231CC914}.Debug|Any CPU.Build.0 = Debug|Any CPU
		{9E707FD5-AABB-45CE-B44E-8400231CC914}.Release|Any CPU.ActiveCfg = Release|Any CPU
		{9E707FD5-AABB-45CE-B44E-8400231CC914}.Release|Any CPU.Build.0 = Release|Any CPU
	EndGlobalSection
	GlobalSection(SolutionProperties) = preSolution
		HideSolutionNode = FALSE
	EndGlobalSection
	GlobalSection(NestedProjects) = preSolution
		{B86FD046-8A81-4B54-B100-5FBEF7B62D60} = {C5E67C74-BDC7-412E-8D09-5EDF27810B40}
		{8D7DF495-481F-4DAE-AAC1-AC3DF3B1C593} = {9862D299-1655-4D84-86A4-9835E19AB5B0}
		{FFC833FD-64A2-4475-A9BE-7CE8665193E9} = {9862D299-1655-4D84-86A4-9835E19AB5B0}
		{65CC7B7D-4A18-4414-8FAE-2085EF895BD4} = {02EA681E-C7D8-13C7-8484-4AC65E1B71E8}
		{DB29CBEA-73C1-95F0-B4B7-C5F087212FCF} = {02EA681E-C7D8-13C7-8484-4AC65E1B71E8}
		{9A04BBDF-8ADD-F32E-5412-A0BCA77B12F7} = {02EA681E-C7D8-13C7-8484-4AC65E1B71E8}
		{D7353F18-A06C-008C-9721-1CF36C4FCCE3} = {02EA681E-C7D8-13C7-8484-4AC65E1B71E8}
		{537B3ACD-27A5-EA54-4FA0-3945074FD571} = {02EA681E-C7D8-13C7-8484-4AC65E1B71E8}
		{EE07D94E-3098-4525-A81A-DB331002DFE4} = {9862D299-1655-4D84-86A4-9835E19AB5B0}
		{11FAF655-DD06-4B21-861F-4B06CD6D0078} = {9383FA18-1F50-4E62-A0D4-A0DFBE935A4E}
		{5DE19AF5-D3CA-4043-9CC5-4043931AA327} = {79CED786-FDA6-4DEA-A8F9-0F6F583BF862}
		{6F5EC47D-E964-43ED-AC51-F9A3A1FE2F68} = {9383FA18-1F50-4E62-A0D4-A0DFBE935A4E}
		{00017424-30D2-4745-84A2-F8FCA5DBCCB0} = {9383FA18-1F50-4E62-A0D4-A0DFBE935A4E}
		{BAFCABA1-8317-491A-8D53-77AA09E4A8BA} = {9383FA18-1F50-4E62-A0D4-A0DFBE935A4E}
		{9E707FD5-AABB-45CE-B44E-8400231CC914} = {9383FA18-1F50-4E62-A0D4-A0DFBE935A4E}
	EndGlobalSection
	GlobalSection(ExtensibilityGlobals) = postSolution
		SolutionGuid = {248ACE66-CAAF-4082-92F9-C574B0EDE433}
	EndGlobalSection
EndGlobal
